// !$*UTF8*$!
{
	archiveVersion = 1;
	classes = {
	};
	objectVersion = 48;
	objects = {

/* Begin PBXBuildFile section */
		3E3B5C4B200AA56A00A86344 /* PhotosViewController.swift in Sources */ = {isa = PBXBuildFile; fileRef = 3E3B5C4A200AA56A00A86344 /* PhotosViewController.swift */; };
		3E5AA404200C244800820081 /* PhotoTableViewCell.swift in Sources */ = {isa = PBXBuildFile; fileRef = 3E5AA403200C244800820081 /* PhotoTableViewCell.swift */; };
		3E8738FE200AA17A00BCB849 /* AppDelegate.swift in Sources */ = {isa = PBXBuildFile; fileRef = 3E8738FD200AA17A00BCB849 /* AppDelegate.swift */; };
		3E873903200AA17A00BCB849 /* Main.storyboard in Resources */ = {isa = PBXBuildFile; fileRef = 3E873901200AA17A00BCB849 /* Main.storyboard */; };
		3E873905200AA17A00BCB849 /* Assets.xcassets in Resources */ = {isa = PBXBuildFile; fileRef = 3E873904200AA17A00BCB849 /* Assets.xcassets */; };
		3E873908200AA17A00BCB849 /* LaunchScreen.storyboard in Resources */ = {isa = PBXBuildFile; fileRef = 3E873906200AA17A00BCB849 /* LaunchScreen.storyboard */; };
		3E873913200AA17B00BCB849 /* Tumbler_PeopleTests.swift in Sources */ = {isa = PBXBuildFile; fileRef = 3E873912200AA17B00BCB849 /* Tumbler_PeopleTests.swift */; };
		3E87391E200AA17B00BCB849 /* Tumbler_PeopleUITests.swift in Sources */ = {isa = PBXBuildFile; fileRef = 3E87391D200AA17B00BCB849 /* Tumbler_PeopleUITests.swift */; };
		69D3DAF4EEB5A53AAC391A01 /* Pods_Tumbler_People.framework in Frameworks */ = {isa = PBXBuildFile; fileRef = 0938BC108C05C8168098B218 /* Pods_Tumbler_People.framework */; };
		E07DC97EA36E05A5F30D2F44 /* Pods_Tumbler_PeopleTests.framework in Frameworks */ = {isa = PBXBuildFile; fileRef = 86CD4478B8A8A5912B784DC5 /* Pods_Tumbler_PeopleTests.framework */; };
		FE864E281284C5B26F7891EC /* Pods_Tumbler_PeopleUITests.framework in Frameworks */ = {isa = PBXBuildFile; fileRef = 97E9DBE5AFD84F943A1EA35A /* Pods_Tumbler_PeopleUITests.framework */; };
/* End PBXBuildFile section */

/* Begin PBXContainerItemProxy section */
		3E87390F200AA17A00BCB849 /* PBXContainerItemProxy */ = {
			isa = PBXContainerItemProxy;
			containerPortal = 3E8738F2200AA17A00BCB849 /* Project object */;
			proxyType = 1;
			remoteGlobalIDString = 3E8738F9200AA17A00BCB849;
			remoteInfo = "Tumbler-People";
		};
		3E87391A200AA17B00BCB849 /* PBXContainerItemProxy */ = {
			isa = PBXContainerItemProxy;
			containerPortal = 3E8738F2200AA17A00BCB849 /* Project object */;
			proxyType = 1;
			remoteGlobalIDString = 3E8738F9200AA17A00BCB849;
			remoteInfo = "Tumbler-People";
		};
/* End PBXContainerItemProxy section */

/* Begin PBXFileReference section */
		0938BC108C05C8168098B218 /* Pods_Tumbler_People.framework */ = {isa = PBXFileReference; explicitFileType = wrapper.framework; includeInIndex = 0; path = Pods_Tumbler_People.framework; sourceTree = BUILT_PRODUCTS_DIR; };
		3E3B5C4A200AA56A00A86344 /* PhotosViewController.swift */ = {isa = PBXFileReference; lastKnownFileType = sourcecode.swift; path = PhotosViewController.swift; sourceTree = "<group>"; };
		3E5AA403200C244800820081 /* PhotoTableViewCell.swift */ = {isa = PBXFileReference; lastKnownFileType = sourcecode.swift; path = PhotoTableViewCell.swift; sourceTree = "<group>"; };
		3E8738FA200AA17A00BCB849 /* Tumbler-People.app */ = {isa = PBXFileReference; explicitFileType = wrapper.application; includeInIndex = 0; path = "Tumbler-People.app"; sourceTree = BUILT_PRODUCTS_DIR; };
		3E8738FD200AA17A00BCB849 /* AppDelegate.swift */ = {isa = PBXFileReference; lastKnownFileType = sourcecode.swift; path = AppDelegate.swift; sourceTree = "<group>"; };
		3E873902200AA17A00BCB849 /* Base */ = {isa = PBXFileReference; lastKnownFileType = file.storyboard; name = Base; path = Base.lproj/Main.storyboard; sourceTree = "<group>"; };
		3E873904200AA17A00BCB849 /* Assets.xcassets */ = {isa = PBXFileReference; lastKnownFileType = folder.assetcatalog; path = Assets.xcassets; sourceTree = "<group>"; };
		3E873907200AA17A00BCB849 /* Base */ = {isa = PBXFileReference; lastKnownFileType = file.storyboard; name = Base; path = Base.lproj/LaunchScreen.storyboard; sourceTree = "<group>"; };
		3E873909200AA17A00BCB849 /* Info.plist */ = {isa = PBXFileReference; lastKnownFileType = text.plist.xml; path = Info.plist; sourceTree = "<group>"; };
		3E87390E200AA17A00BCB849 /* Tumbler-PeopleTests.xctest */ = {isa = PBXFileReference; explicitFileType = wrapper.cfbundle; includeInIndex = 0; path = "Tumbler-PeopleTests.xctest"; sourceTree = BUILT_PRODUCTS_DIR; };
		3E873912200AA17B00BCB849 /* Tumbler_PeopleTests.swift */ = {isa = PBXFileReference; lastKnownFileType = sourcecode.swift; path = Tumbler_PeopleTests.swift; sourceTree = "<group>"; };
		3E873914200AA17B00BCB849 /* Info.plist */ = {isa = PBXFileReference; lastKnownFileType = text.plist.xml; path = Info.plist; sourceTree = "<group>"; };
		3E873919200AA17B00BCB849 /* Tumbler-PeopleUITests.xctest */ = {isa = PBXFileReference; explicitFileType = wrapper.cfbundle; includeInIndex = 0; path = "Tumbler-PeopleUITests.xctest"; sourceTree = BUILT_PRODUCTS_DIR; };
		3E87391D200AA17B00BCB849 /* Tumbler_PeopleUITests.swift */ = {isa = PBXFileReference; lastKnownFileType = sourcecode.swift; path = Tumbler_PeopleUITests.swift; sourceTree = "<group>"; };
		3E87391F200AA17B00BCB849 /* Info.plist */ = {isa = PBXFileReference; lastKnownFileType = text.plist.xml; path = Info.plist; sourceTree = "<group>"; };
		418EF7851E90EE07A41F63B9 /* Pods-Tumbler-People.release.xcconfig */ = {isa = PBXFileReference; includeInIndex = 1; lastKnownFileType = text.xcconfig; name = "Pods-Tumbler-People.release.xcconfig"; path = "Pods/Target Support Files/Pods-Tumbler-People/Pods-Tumbler-People.release.xcconfig"; sourceTree = "<group>"; };
		59E29F23AEFE60BA98C91608 /* Pods-Tumbler-PeopleUITests.debug.xcconfig */ = {isa = PBXFileReference; includeInIndex = 1; lastKnownFileType = text.xcconfig; name = "Pods-Tumbler-PeopleUITests.debug.xcconfig"; path = "Pods/Target Support Files/Pods-Tumbler-PeopleUITests/Pods-Tumbler-PeopleUITests.debug.xcconfig"; sourceTree = "<group>"; };
		67CBB92948EC81C322499DAF /* Pods-Tumbler-PeopleTests.release.xcconfig */ = {isa = PBXFileReference; includeInIndex = 1; lastKnownFileType = text.xcconfig; name = "Pods-Tumbler-PeopleTests.release.xcconfig"; path = "Pods/Target Support Files/Pods-Tumbler-PeopleTests/Pods-Tumbler-PeopleTests.release.xcconfig"; sourceTree = "<group>"; };
		72E8E8532933F8133BF875F4 /* Pods-Tumbler-PeopleTests.debug.xcconfig */ = {isa = PBXFileReference; includeInIndex = 1; lastKnownFileType = text.xcconfig; name = "Pods-Tumbler-PeopleTests.debug.xcconfig"; path = "Pods/Target Support Files/Pods-Tumbler-PeopleTests/Pods-Tumbler-PeopleTests.debug.xcconfig"; sourceTree = "<group>"; };
		74A5B523F686321ECDA11530 /* Pods-Tumbler-PeopleUITests.release.xcconfig */ = {isa = PBXFileReference; includeInIndex = 1; lastKnownFileType = text.xcconfig; name = "Pods-Tumbler-PeopleUITests.release.xcconfig"; path = "Pods/Target Support Files/Pods-Tumbler-PeopleUITests/Pods-Tumbler-PeopleUITests.release.xcconfig"; sourceTree = "<group>"; };
		86CD4478B8A8A5912B784DC5 /* Pods_Tumbler_PeopleTests.framework */ = {isa = PBXFileReference; explicitFileType = wrapper.framework; includeInIndex = 0; path = Pods_Tumbler_PeopleTests.framework; sourceTree = BUILT_PRODUCTS_DIR; };
		97E9DBE5AFD84F943A1EA35A /* Pods_Tumbler_PeopleUITests.framework */ = {isa = PBXFileReference; explicitFileType = wrapper.framework; includeInIndex = 0; path = Pods_Tumbler_PeopleUITests.framework; sourceTree = BUILT_PRODUCTS_DIR; };
		AB8E5404602276B95CE27338 /* Pods-Tumbler-People.debug.xcconfig */ = {isa = PBXFileReference; includeInIndex = 1; lastKnownFileType = text.xcconfig; name = "Pods-Tumbler-People.debug.xcconfig"; path = "Pods/Target Support Files/Pods-Tumbler-People/Pods-Tumbler-People.debug.xcconfig"; sourceTree = "<group>"; };
/* End PBXFileReference section */

/* Begin PBXFrameworksBuildPhase section */
		3E8738F7200AA17A00BCB849 /* Frameworks */ = {
			isa = PBXFrameworksBuildPhase;
			buildActionMask = 2147483647;
			files = (
				69D3DAF4EEB5A53AAC391A01 /* Pods_Tumbler_People.framework in Frameworks */,
			);
			runOnlyForDeploymentPostprocessing = 0;
		};
		3E87390B200AA17A00BCB849 /* Frameworks */ = {
			isa = PBXFrameworksBuildPhase;
			buildActionMask = 2147483647;
			files = (
				E07DC97EA36E05A5F30D2F44 /* Pods_Tumbler_PeopleTests.framework in Frameworks */,
			);
			runOnlyForDeploymentPostprocessing = 0;
		};
		3E873916200AA17B00BCB849 /* Frameworks */ = {
			isa = PBXFrameworksBuildPhase;
			buildActionMask = 2147483647;
			files = (
				FE864E281284C5B26F7891EC /* Pods_Tumbler_PeopleUITests.framework in Frameworks */,
			);
			runOnlyForDeploymentPostprocessing = 0;
		};
/* End PBXFrameworksBuildPhase section */

/* Begin PBXGroup section */
		2760654C919147A0D50BCD7C /* Pods */ = {
			isa = PBXGroup;
			children = (
				AB8E5404602276B95CE27338 /* Pods-Tumbler-People.debug.xcconfig */,
				418EF7851E90EE07A41F63B9 /* Pods-Tumbler-People.release.xcconfig */,
				72E8E8532933F8133BF875F4 /* Pods-Tumbler-PeopleTests.debug.xcconfig */,
				67CBB92948EC81C322499DAF /* Pods-Tumbler-PeopleTests.release.xcconfig */,
				59E29F23AEFE60BA98C91608 /* Pods-Tumbler-PeopleUITests.debug.xcconfig */,
				74A5B523F686321ECDA11530 /* Pods-Tumbler-PeopleUITests.release.xcconfig */,
			);
			name = Pods;
			sourceTree = "<group>";
		};
		3E8738F1200AA17A00BCB849 = {
			isa = PBXGroup;
			children = (
				3E8738FC200AA17A00BCB849 /* Tumbler-People */,
				3E873911200AA17A00BCB849 /* Tumbler-PeopleTests */,
				3E87391C200AA17B00BCB849 /* Tumbler-PeopleUITests */,
				3E8738FB200AA17A00BCB849 /* Products */,
				2760654C919147A0D50BCD7C /* Pods */,
				A69BA88C64BE6A64CA5D3F1B /* Frameworks */,
			);
			sourceTree = "<group>";
		};
		3E8738FB200AA17A00BCB849 /* Products */ = {
			isa = PBXGroup;
			children = (
				3E8738FA200AA17A00BCB849 /* Tumbler-People.app */,
				3E87390E200AA17A00BCB849 /* Tumbler-PeopleTests.xctest */,
				3E873919200AA17B00BCB849 /* Tumbler-PeopleUITests.xctest */,
			);
			name = Products;
			sourceTree = "<group>";
		};
		3E8738FC200AA17A00BCB849 /* Tumbler-People */ = {
			isa = PBXGroup;
			children = (
				3E8738FD200AA17A00BCB849 /* AppDelegate.swift */,
				3E873901200AA17A00BCB849 /* Main.storyboard */,
				3E873904200AA17A00BCB849 /* Assets.xcassets */,
				3E873906200AA17A00BCB849 /* LaunchScreen.storyboard */,
				3E873909200AA17A00BCB849 /* Info.plist */,
				3E3B5C4A200AA56A00A86344 /* PhotosViewController.swift */,
				3E5AA403200C244800820081 /* PhotoTableViewCell.swift */,
			);
			path = "Tumbler-People";
			sourceTree = "<group>";
		};
		3E873911200AA17A00BCB849 /* Tumbler-PeopleTests */ = {
			isa = PBXGroup;
			children = (
				3E873912200AA17B00BCB849 /* Tumbler_PeopleTests.swift */,
				3E873914200AA17B00BCB849 /* Info.plist */,
			);
			path = "Tumbler-PeopleTests";
			sourceTree = "<group>";
		};
		3E87391C200AA17B00BCB849 /* Tumbler-PeopleUITests */ = {
			isa = PBXGroup;
			children = (
				3E87391D200AA17B00BCB849 /* Tumbler_PeopleUITests.swift */,
				3E87391F200AA17B00BCB849 /* Info.plist */,
			);
			path = "Tumbler-PeopleUITests";
			sourceTree = "<group>";
		};
		A69BA88C64BE6A64CA5D3F1B /* Frameworks */ = {
			isa = PBXGroup;
			children = (
				0938BC108C05C8168098B218 /* Pods_Tumbler_People.framework */,
				86CD4478B8A8A5912B784DC5 /* Pods_Tumbler_PeopleTests.framework */,
				97E9DBE5AFD84F943A1EA35A /* Pods_Tumbler_PeopleUITests.framework */,
			);
			name = Frameworks;
			sourceTree = "<group>";
		};
/* End PBXGroup section */

/* Begin PBXNativeTarget section */
		3E8738F9200AA17A00BCB849 /* Tumbler-People */ = {
			isa = PBXNativeTarget;
			buildConfigurationList = 3E873922200AA17B00BCB849 /* Build configuration list for PBXNativeTarget "Tumbler-People" */;
			buildPhases = (
				4D02828C0A1E290903CAF2F6 /* [CP] Check Pods Manifest.lock */,
				3E8738F6200AA17A00BCB849 /* Sources */,
				3E8738F7200AA17A00BCB849 /* Frameworks */,
				3E8738F8200AA17A00BCB849 /* Resources */,
				ADE9322A21988603589A052D /* [CP] Embed Pods Frameworks */,
				42C0E46D6ADA3AA7C0A57DBA /* [CP] Copy Pods Resources */,
			);
			buildRules = (
			);
			dependencies = (
			);
			name = "Tumbler-People";
			productName = "Tumbler-People";
			productReference = 3E8738FA200AA17A00BCB849 /* Tumbler-People.app */;
			productType = "com.apple.product-type.application";
		};
		3E87390D200AA17A00BCB849 /* Tumbler-PeopleTests */ = {
			isa = PBXNativeTarget;
			buildConfigurationList = 3E873925200AA17B00BCB849 /* Build configuration list for PBXNativeTarget "Tumbler-PeopleTests" */;
			buildPhases = (
				79D67FB2341856A3E8E91127 /* [CP] Check Pods Manifest.lock */,
				3E87390A200AA17A00BCB849 /* Sources */,
				3E87390B200AA17A00BCB849 /* Frameworks */,
				3E87390C200AA17A00BCB849 /* Resources */,
				0EF2E8B21AF186B05F844A46 /* [CP] Embed Pods Frameworks */,
				B27E4E9082A06C6D434C5C79 /* [CP] Copy Pods Resources */,
			);
			buildRules = (
			);
			dependencies = (
				3E873910200AA17A00BCB849 /* PBXTargetDependency */,
			);
			name = "Tumbler-PeopleTests";
			productName = "Tumbler-PeopleTests";
			productReference = 3E87390E200AA17A00BCB849 /* Tumbler-PeopleTests.xctest */;
			productType = "com.apple.product-type.bundle.unit-test";
		};
		3E873918200AA17B00BCB849 /* Tumbler-PeopleUITests */ = {
			isa = PBXNativeTarget;
			buildConfigurationList = 3E873928200AA17B00BCB849 /* Build configuration list for PBXNativeTarget "Tumbler-PeopleUITests" */;
			buildPhases = (
				2DAE79C6806C0B66E7F362A1 /* [CP] Check Pods Manifest.lock */,
				3E873915200AA17B00BCB849 /* Sources */,
				3E873916200AA17B00BCB849 /* Frameworks */,
				3E873917200AA17B00BCB849 /* Resources */,
				FBD473E2A2B739898371E35E /* [CP] Embed Pods Frameworks */,
				D1FB5F83E81235C11F264978 /* [CP] Copy Pods Resources */,
			);
			buildRules = (
			);
			dependencies = (
				3E87391B200AA17B00BCB849 /* PBXTargetDependency */,
			);
			name = "Tumbler-PeopleUITests";
			productName = "Tumbler-PeopleUITests";
			productReference = 3E873919200AA17B00BCB849 /* Tumbler-PeopleUITests.xctest */;
			productType = "com.apple.product-type.bundle.ui-testing";
		};
/* End PBXNativeTarget section */

/* Begin PBXProject section */
		3E8738F2200AA17A00BCB849 /* Project object */ = {
			isa = PBXProject;
			attributes = {
				LastSwiftUpdateCheck = 0920;
				LastUpgradeCheck = 0920;
				ORGANIZATIONNAME = "Eli Scherrer";
				TargetAttributes = {
					3E8738F9200AA17A00BCB849 = {
						CreatedOnToolsVersion = 9.2;
						ProvisioningStyle = Automatic;
					};
					3E87390D200AA17A00BCB849 = {
						CreatedOnToolsVersion = 9.2;
						ProvisioningStyle = Automatic;
						TestTargetID = 3E8738F9200AA17A00BCB849;
					};
					3E873918200AA17B00BCB849 = {
						CreatedOnToolsVersion = 9.2;
						ProvisioningStyle = Automatic;
						TestTargetID = 3E8738F9200AA17A00BCB849;
					};
				};
			};
			buildConfigurationList = 3E8738F5200AA17A00BCB849 /* Build configuration list for PBXProject "Tumbler-People" */;
			compatibilityVersion = "Xcode 8.0";
			developmentRegion = en;
			hasScannedForEncodings = 0;
			knownRegions = (
				en,
				Base,
			);
			mainGroup = 3E8738F1200AA17A00BCB849;
			productRefGroup = 3E8738FB200AA17A00BCB849 /* Products */;
			projectDirPath = "";
			projectRoot = "";
			targets = (
				3E8738F9200AA17A00BCB849 /* Tumbler-People */,
				3E87390D200AA17A00BCB849 /* Tumbler-PeopleTests */,
				3E873918200AA17B00BCB849 /* Tumbler-PeopleUITests */,
			);
		};
/* End PBXProject section */

/* Begin PBXResourcesBuildPhase section */
		3E8738F8200AA17A00BCB849 /* Resources */ = {
			isa = PBXResourcesBuildPhase;
			buildActionMask = 2147483647;
			files = (
				3E873908200AA17A00BCB849 /* LaunchScreen.storyboard in Resources */,
				3E873905200AA17A00BCB849 /* Assets.xcassets in Resources */,
				3E873903200AA17A00BCB849 /* Main.storyboard in Resources */,
			);
			runOnlyForDeploymentPostprocessing = 0;
		};
		3E87390C200AA17A00BCB849 /* Resources */ = {
			isa = PBXResourcesBuildPhase;
			buildActionMask = 2147483647;
			files = (
			);
			runOnlyForDeploymentPostprocessing = 0;
		};
		3E873917200AA17B00BCB849 /* Resources */ = {
			isa = PBXResourcesBuildPhase;
			buildActionMask = 2147483647;
			files = (
			);
			runOnlyForDeploymentPostprocessing = 0;
		};
/* End PBXResourcesBuildPhase section */

/* Begin PBXShellScriptBuildPhase section */
		0EF2E8B21AF186B05F844A46 /* [CP] Embed Pods Frameworks */ = {
			isa = PBXShellScriptBuildPhase;
			buildActionMask = 2147483647;
			files = (
			);
			inputPaths = (
			);
			name = "[CP] Embed Pods Frameworks";
			outputPaths = (
			);
			runOnlyForDeploymentPostprocessing = 0;
			shellPath = /bin/sh;
			shellScript = "\"${SRCROOT}/Pods/Target Support Files/Pods-Tumbler-PeopleTests/Pods-Tumbler-PeopleTests-frameworks.sh\"\n";
			showEnvVarsInLog = 0;
		};
		2DAE79C6806C0B66E7F362A1 /* [CP] Check Pods Manifest.lock */ = {
			isa = PBXShellScriptBuildPhase;
			buildActionMask = 2147483647;
			files = (
			);
			inputPaths = (
				"${PODS_PODFILE_DIR_PATH}/Podfile.lock",
				"${PODS_ROOT}/Manifest.lock",
			);
			name = "[CP] Check Pods Manifest.lock";
			outputPaths = (
				"$(DERIVED_FILE_DIR)/Pods-Tumbler-PeopleUITests-checkManifestLockResult.txt",
			);
			runOnlyForDeploymentPostprocessing = 0;
			shellPath = /bin/sh;
			shellScript = "diff \"${PODS_PODFILE_DIR_PATH}/Podfile.lock\" \"${PODS_ROOT}/Manifest.lock\" > /dev/null\nif [ $? != 0 ] ; then\n    # print error to STDERR\n    echo \"error: The sandbox is not in sync with the Podfile.lock. Run 'pod install' or update your CocoaPods installation.\" >&2\n    exit 1\nfi\n# This output is used by Xcode 'outputs' to avoid re-running this script phase.\necho \"SUCCESS\" > \"${SCRIPT_OUTPUT_FILE_0}\"\n";
			showEnvVarsInLog = 0;
		};
		42C0E46D6ADA3AA7C0A57DBA /* [CP] Copy Pods Resources */ = {
			isa = PBXShellScriptBuildPhase;
			buildActionMask = 2147483647;
			files = (
			);
			inputPaths = (
			);
			name = "[CP] Copy Pods Resources";
			outputPaths = (
			);
			runOnlyForDeploymentPostprocessing = 0;
			shellPath = /bin/sh;
			shellScript = "\"${SRCROOT}/Pods/Target Support Files/Pods-Tumbler-People/Pods-Tumbler-People-resources.sh\"\n";
			showEnvVarsInLog = 0;
		};
		4D02828C0A1E290903CAF2F6 /* [CP] Check Pods Manifest.lock */ = {
			isa = PBXShellScriptBuildPhase;
			buildActionMask = 2147483647;
			files = (
			);
			inputPaths = (
				"${PODS_PODFILE_DIR_PATH}/Podfile.lock",
				"${PODS_ROOT}/Manifest.lock",
			);
			name = "[CP] Check Pods Manifest.lock";
			outputPaths = (
				"$(DERIVED_FILE_DIR)/Pods-Tumbler-People-checkManifestLockResult.txt",
			);
			runOnlyForDeploymentPostprocessing = 0;
			shellPath = /bin/sh;
			shellScript = "diff \"${PODS_PODFILE_DIR_PATH}/Podfile.lock\" \"${PODS_ROOT}/Manifest.lock\" > /dev/null\nif [ $? != 0 ] ; then\n    # print error to STDERR\n    echo \"error: The sandbox is not in sync with the Podfile.lock. Run 'pod install' or update your CocoaPods installation.\" >&2\n    exit 1\nfi\n# This output is used by Xcode 'outputs' to avoid re-running this script phase.\necho \"SUCCESS\" > \"${SCRIPT_OUTPUT_FILE_0}\"\n";
			showEnvVarsInLog = 0;
		};
		79D67FB2341856A3E8E91127 /* [CP] Check Pods Manifest.lock */ = {
			isa = PBXShellScriptBuildPhase;
			buildActionMask = 2147483647;
			files = (
			);
			inputPaths = (
				"${PODS_PODFILE_DIR_PATH}/Podfile.lock",
				"${PODS_ROOT}/Manifest.lock",
			);
			name = "[CP] Check Pods Manifest.lock";
			outputPaths = (
				"$(DERIVED_FILE_DIR)/Pods-Tumbler-PeopleTests-checkManifestLockResult.txt",
			);
			runOnlyForDeploymentPostprocessing = 0;
			shellPath = /bin/sh;
			shellScript = "diff \"${PODS_PODFILE_DIR_PATH}/Podfile.lock\" \"${PODS_ROOT}/Manifest.lock\" > /dev/null\nif [ $? != 0 ] ; then\n    # print error to STDERR\n    echo \"error: The sandbox is not in sync with the Podfile.lock. Run 'pod install' or update your CocoaPods installation.\" >&2\n    exit 1\nfi\n# This output is used by Xcode 'outputs' to avoid re-running this script phase.\necho \"SUCCESS\" > \"${SCRIPT_OUTPUT_FILE_0}\"\n";
			showEnvVarsInLog = 0;
		};
		ADE9322A21988603589A052D /* [CP] Embed Pods Frameworks */ = {
			isa = PBXShellScriptBuildPhase;
			buildActionMask = 2147483647;
			files = (
			);
			inputPaths = (
				"${SRCROOT}/Pods/Target Support Files/Pods-Tumbler-People/Pods-Tumbler-People-frameworks.sh",
				"${BUILT_PRODUCTS_DIR}/Alamofire/Alamofire.framework",
				"${BUILT_PRODUCTS_DIR}/AlamofireImage/AlamofireImage.framework",
			);
			name = "[CP] Embed Pods Frameworks";
			outputPaths = (
				"${TARGET_BUILD_DIR}/${FRAMEWORKS_FOLDER_PATH}/Alamofire.framework",
				"${TARGET_BUILD_DIR}/${FRAMEWORKS_FOLDER_PATH}/AlamofireImage.framework",
			);
			runOnlyForDeploymentPostprocessing = 0;
			shellPath = /bin/sh;
			shellScript = "\"${SRCROOT}/Pods/Target Support Files/Pods-Tumbler-People/Pods-Tumbler-People-frameworks.sh\"\n";
			showEnvVarsInLog = 0;
		};
		B27E4E9082A06C6D434C5C79 /* [CP] Copy Pods Resources */ = {
			isa = PBXShellScriptBuildPhase;
			buildActionMask = 2147483647;
			files = (
			);
			inputPaths = (
			);
			name = "[CP] Copy Pods Resources";
			outputPaths = (
			);
			runOnlyForDeploymentPostprocessing = 0;
			shellPath = /bin/sh;
			shellScript = "\"${SRCROOT}/Pods/Target Support Files/Pods-Tumbler-PeopleTests/Pods-Tumbler-PeopleTests-resources.sh\"\n";
			showEnvVarsInLog = 0;
		};
		D1FB5F83E81235C11F264978 /* [CP] Copy Pods Resources */ = {
			isa = PBXShellScriptBuildPhase;
			buildActionMask = 2147483647;
			files = (
			);
			inputPaths = (
			);
			name = "[CP] Copy Pods Resources";
			outputPaths = (
			);
			runOnlyForDeploymentPostprocessing = 0;
			shellPath = /bin/sh;
			shellScript = "\"${SRCROOT}/Pods/Target Support Files/Pods-Tumbler-PeopleUITests/Pods-Tumbler-PeopleUITests-resources.sh\"\n";
			showEnvVarsInLog = 0;
		};
		FBD473E2A2B739898371E35E /* [CP] Embed Pods Frameworks */ = {
			isa = PBXShellScriptBuildPhase;
			buildActionMask = 2147483647;
			files = (
			);
			inputPaths = (
			);
			name = "[CP] Embed Pods Frameworks";
			outputPaths = (
			);
			runOnlyForDeploymentPostprocessing = 0;
			shellPath = /bin/sh;
			shellScript = "\"${SRCROOT}/Pods/Target Support Files/Pods-Tumbler-PeopleUITests/Pods-Tumbler-PeopleUITests-frameworks.sh\"\n";
			showEnvVarsInLog = 0;
		};
/* End PBXShellScriptBuildPhase section */

/* Begin PBXSourcesBuildPhase section */
		3E8738F6200AA17A00BCB849 /* Sources */ = {
			isa = PBXSourcesBuildPhase;
			buildActionMask = 2147483647;
			files = (
				3E8738FE200AA17A00BCB849 /* AppDelegate.swift in Sources */,
				3E3B5C4B200AA56A00A86344 /* PhotosViewController.swift in Sources */,
				3E5AA404200C244800820081 /* PhotoTableViewCell.swift in Sources */,
			);
			runOnlyForDeploymentPostprocessing = 0;
		};
		3E87390A200AA17A00BCB849 /* Sources */ = {
			isa = PBXSourcesBuildPhase;
			buildActionMask = 2147483647;
			files = (
				3E873913200AA17B00BCB849 /* Tumbler_PeopleTests.swift in Sources */,
			);
			runOnlyForDeploymentPostprocessing = 0;
		};
		3E873915200AA17B00BCB849 /* Sources */ = {
			isa = PBXSourcesBuildPhase;
			buildActionMask = 2147483647;
			files = (
				3E87391E200AA17B00BCB849 /* Tumbler_PeopleUITests.swift in Sources */,
			);
			runOnlyForDeploymentPostprocessing = 0;
		};
/* End PBXSourcesBuildPhase section */

/* Begin PBXTargetDependency section */
		3E873910200AA17A00BCB849 /* PBXTargetDependency */ = {
			isa = PBXTargetDependency;
			target = 3E8738F9200AA17A00BCB849 /* Tumbler-People */;
			targetProxy = 3E87390F200AA17A00BCB849 /* PBXContainerItemProxy */;
		};
		3E87391B200AA17B00BCB849 /* PBXTargetDependency */ = {
			isa = PBXTargetDependency;
			target = 3E8738F9200AA17A00BCB849 /* Tumbler-People */;
			targetProxy = 3E87391A200AA17B00BCB849 /* PBXContainerItemProxy */;
		};
/* End PBXTargetDependency section */

/* Begin PBXVariantGroup section */
		3E873901200AA17A00BCB849 /* Main.storyboard */ = {
			isa = PBXVariantGroup;
			children = (
				3E873902200AA17A00BCB849 /* Base */,
			);
			name = Main.storyboard;
			sourceTree = "<group>";
		};
		3E873906200AA17A00BCB849 /* LaunchScreen.storyboard */ = {
			isa = PBXVariantGroup;
			children = (
				3E873907200AA17A00BCB849 /* Base */,
			);
			name = LaunchScreen.storyboard;
			sourceTree = "<group>";
		};
/* End PBXVariantGroup section */

/* Begin XCBuildConfiguration section */
		3E873920200AA17B00BCB849 /* Debug */ = {
			isa = XCBuildConfiguration;
			buildSettings = {
				ALWAYS_SEARCH_USER_PATHS = NO;
				CLANG_ANALYZER_NONNULL = YES;
				CLANG_ANALYZER_NUMBER_OBJECT_CONVERSION = YES_AGGRESSIVE;
				CLANG_CXX_LANGUAGE_STANDARD = "gnu++14";
				CLANG_CXX_LIBRARY = "libc++";
				CLANG_ENABLE_MODULES = YES;
				CLANG_ENABLE_OBJC_ARC = YES;
				CLANG_WARN_BLOCK_CAPTURE_AUTORELEASING = YES;
				CLANG_WARN_BOOL_CONVERSION = YES;
				CLANG_WARN_COMMA = YES;
				CLANG_WARN_CONSTANT_CONVERSION = YES;
				CLANG_WARN_DIRECT_OBJC_ISA_USAGE = YES_ERROR;
				CLANG_WARN_DOCUMENTATION_COMMENTS = YES;
				CLANG_WARN_EMPTY_BODY = YES;
				CLANG_WARN_ENUM_CONVERSION = YES;
				CLANG_WARN_INFINITE_RECURSION = YES;
				CLANG_WARN_INT_CONVERSION = YES;
				CLANG_WARN_NON_LITERAL_NULL_CONVERSION = YES;
				CLANG_WARN_OBJC_LITERAL_CONVERSION = YES;
				CLANG_WARN_OBJC_ROOT_CLASS = YES_ERROR;
				CLANG_WARN_RANGE_LOOP_ANALYSIS = YES;
				CLANG_WARN_STRICT_PROTOTYPES = YES;
				CLANG_WARN_SUSPICIOUS_MOVE = YES;
				CLANG_WARN_UNGUARDED_AVAILABILITY = YES_AGGRESSIVE;
				CLANG_WARN_UNREACHABLE_CODE = YES;
				CLANG_WARN__DUPLICATE_METHOD_MATCH = YES;
				CODE_SIGN_IDENTITY = "iPhone Developer";
				COPY_PHASE_STRIP = NO;
				DEBUG_INFORMATION_FORMAT = dwarf;
				ENABLE_STRICT_OBJC_MSGSEND = YES;
				ENABLE_TESTABILITY = YES;
				GCC_C_LANGUAGE_STANDARD = gnu11;
				GCC_DYNAMIC_NO_PIC = NO;
				GCC_NO_COMMON_BLOCKS = YES;
				GCC_OPTIMIZATION_LEVEL = 0;
				GCC_PREPROCESSOR_DEFINITIONS = (
					"DEBUG=1",
					"$(inherited)",
				);
				GCC_WARN_64_TO_32_BIT_CONVERSION = YES;
				GCC_WARN_ABOUT_RETURN_TYPE = YES_ERROR;
				GCC_WARN_UNDECLARED_SELECTOR = YES;
				GCC_WARN_UNINITIALIZED_AUTOS = YES_AGGRESSIVE;
				GCC_WARN_UNUSED_FUNCTION = YES;
				GCC_WARN_UNUSED_VARIABLE = YES;
				IPHONEOS_DEPLOYMENT_TARGET = 11.2;
				MTL_ENABLE_DEBUG_INFO = YES;
				ONLY_ACTIVE_ARCH = YES;
				SDKROOT = iphoneos;
				SWIFT_ACTIVE_COMPILATION_CONDITIONS = DEBUG;
				SWIFT_OPTIMIZATION_LEVEL = "-Onone";
			};
			name = Debug;
		};
		3E873921200AA17B00BCB849 /* Release */ = {
			isa = XCBuildConfiguration;
			buildSettings = {
				ALWAYS_SEARCH_USER_PATHS = NO;
				CLANG_ANALYZER_NONNULL = YES;
				CLANG_ANALYZER_NUMBER_OBJECT_CONVERSION = YES_AGGRESSIVE;
				CLANG_CXX_LANGUAGE_STANDARD = "gnu++14";
				CLANG_CXX_LIBRARY = "libc++";
				CLANG_ENABLE_MODULES = YES;
				CLANG_ENABLE_OBJC_ARC = YES;
				CLANG_WARN_BLOCK_CAPTURE_AUTORELEASING = YES;
				CLANG_WARN_BOOL_CONVERSION = YES;
				CLANG_WARN_COMMA = YES;
				CLANG_WARN_CONSTANT_CONVERSION = YES;
				CLANG_WARN_DIRECT_OBJC_ISA_USAGE = YES_ERROR;
				CLANG_WARN_DOCUMENTATION_COMMENTS = YES;
				CLANG_WARN_EMPTY_BODY = YES;
				CLANG_WARN_ENUM_CONVERSION = YES;
				CLANG_WARN_INFINITE_RECURSION = YES;
				CLANG_WARN_INT_CONVERSION = YES;
				CLANG_WARN_NON_LITERAL_NULL_CONVERSION = YES;
				CLANG_WARN_OBJC_LITERAL_CONVERSION = YES;
				CLANG_WARN_OBJC_ROOT_CLASS = YES_ERROR;
				CLANG_WARN_RANGE_LOOP_ANALYSIS = YES;
				CLANG_WARN_STRICT_PROTOTYPES = YES;
				CLANG_WARN_SUSPICIOUS_MOVE = YES;
				CLANG_WARN_UNGUARDED_AVAILABILITY = YES_AGGRESSIVE;
				CLANG_WARN_UNREACHABLE_CODE = YES;
				CLANG_WARN__DUPLICATE_METHOD_MATCH = YES;
				CODE_SIGN_IDENTITY = "iPhone Developer";
				COPY_PHASE_STRIP = NO;
				DEBUG_INFORMATION_FORMAT = "dwarf-with-dsym";
				ENABLE_NS_ASSERTIONS = NO;
				ENABLE_STRICT_OBJC_MSGSEND = YES;
				GCC_C_LANGUAGE_STANDARD = gnu11;
				GCC_NO_COMMON_BLOCKS = YES;
				GCC_WARN_64_TO_32_BIT_CONVERSION = YES;
				GCC_WARN_ABOUT_RETURN_TYPE = YES_ERROR;
				GCC_WARN_UNDECLARED_SELECTOR = YES;
				GCC_WARN_UNINITIALIZED_AUTOS = YES_AGGRESSIVE;
				GCC_WARN_UNUSED_FUNCTION = YES;
				GCC_WARN_UNUSED_VARIABLE = YES;
				IPHONEOS_DEPLOYMENT_TARGET = 11.2;
				MTL_ENABLE_DEBUG_INFO = NO;
				SDKROOT = iphoneos;
				SWIFT_OPTIMIZATION_LEVEL = "-Owholemodule";
				VALIDATE_PRODUCT = YES;
			};
			name = Release;
		};
		3E873923200AA17B00BCB849 /* Debug */ = {
			isa = XCBuildConfiguration;
			baseConfigurationReference = AB8E5404602276B95CE27338 /* Pods-Tumbler-People.debug.xcconfig */;
			buildSettings = {
				ASSETCATALOG_COMPILER_APPICON_NAME = AppIcon;
				CODE_SIGN_STYLE = Automatic;
				INFOPLIST_FILE = "Tumbler-People/Info.plist";
				LD_RUNPATH_SEARCH_PATHS = "$(inherited) @executable_path/Frameworks";
				PRODUCT_BUNDLE_IDENTIFIER = "com.elischerrer.Tumbler-People";
				PRODUCT_NAME = "$(TARGET_NAME)";
				SWIFT_VERSION = 4.0;
				TARGETED_DEVICE_FAMILY = "1,2";
			};
			name = Debug;
		};
		3E873924200AA17B00BCB849 /* Release */ = {
			isa = XCBuildConfiguration;
			baseConfigurationReference = 418EF7851E90EE07A41F63B9 /* Pods-Tumbler-People.release.xcconfig */;
			buildSettings = {
				ASSETCATALOG_COMPILER_APPICON_NAME = AppIcon;
				CODE_SIGN_STYLE = Automatic;
				INFOPLIST_FILE = "Tumbler-People/Info.plist";
				LD_RUNPATH_SEARCH_PATHS = "$(inherited) @executable_path/Frameworks";
				PRODUCT_BUNDLE_IDENTIFIER = "com.elischerrer.Tumbler-People";
				PRODUCT_NAME = "$(TARGET_NAME)";
				SWIFT_VERSION = 4.0;
				TARGETED_DEVICE_FAMILY = "1,2";
			};
			name = Release;
		};
		3E873926200AA17B00BCB849 /* Debug */ = {
			isa = XCBuildConfiguration;
			baseConfigurationReference = 72E8E8532933F8133BF875F4 /* Pods-Tumbler-PeopleTests.debug.xcconfig */;
			buildSettings = {
				ALWAYS_EMBED_SWIFT_STANDARD_LIBRARIES = YES;
				BUNDLE_LOADER = "$(TEST_HOST)";
				CODE_SIGN_STYLE = Automatic;
				INFOPLIST_FILE = "Tumbler-PeopleTests/Info.plist";
				LD_RUNPATH_SEARCH_PATHS = "$(inherited) @executable_path/Frameworks @loader_path/Frameworks";
				PRODUCT_BUNDLE_IDENTIFIER = "com.elischerrer.Tumbler-PeopleTests";
				PRODUCT_NAME = "$(TARGET_NAME)";
				SWIFT_VERSION = 4.0;
				TARGETED_DEVICE_FAMILY = "1,2";
				TEST_HOST = "$(BUILT_PRODUCTS_DIR)/Tumbler-People.app/Tumbler-People";
			};
			name = Debug;
		};
		3E873927200AA17B00BCB849 /* Release */ = {
			isa = XCBuildConfiguration;
			baseConfigurationReference = 67CBB92948EC81C322499DAF /* Pods-Tumbler-PeopleTests.release.xcconfig */;
			buildSettings = {
				ALWAYS_EMBED_SWIFT_STANDARD_LIBRARIES = YES;
				BUNDLE_LOADER = "$(TEST_HOST)";
				CODE_SIGN_STYLE = Automatic;
				INFOPLIST_FILE = "Tumbler-PeopleTests/Info.plist";
				LD_RUNPATH_SEARCH_PATHS = "$(inherited) @executable_path/Frameworks @loader_path/Frameworks";
				PRODUCT_BUNDLE_IDENTIFIER = "com.elischerrer.Tumbler-PeopleTests";
				PRODUCT_NAME = "$(TARGET_NAME)";
				SWIFT_VERSION = 4.0;
				TARGETED_DEVICE_FAMILY = "1,2";
				TEST_HOST = "$(BUILT_PRODUCTS_DIR)/Tumbler-People.app/Tumbler-People";
			};
			name = Release;
		};
		3E873929200AA17B00BCB849 /* Debug */ = {
			isa = XCBuildConfiguration;
			baseConfigurationReference = 59E29F23AEFE60BA98C91608 /* Pods-Tumbler-PeopleUITests.debug.xcconfig */;
			buildSettings = {
				ALWAYS_EMBED_SWIFT_STANDARD_LIBRARIES = YES;
				CODE_SIGN_STYLE = Automatic;
				INFOPLIST_FILE = "Tumbler-PeopleUITests/Info.plist";
				LD_RUNPATH_SEARCH_PATHS = "$(inherited) @executable_path/Frameworks @loader_path/Frameworks";
				PRODUCT_BUNDLE_IDENTIFIER = "com.elischerrer.Tumbler-PeopleUITests";
				PRODUCT_NAME = "$(TARGET_NAME)";
				SWIFT_VERSION = 4.0;
				TARGETED_DEVICE_FAMILY = "1,2";
				TEST_TARGET_NAME = "Tumbler-People";
			};
			name = Debug;
		};
		3E87392A200AA17B00BCB849 /* Release */ = {
			isa = XCBuildConfiguration;
			baseConfigurationReference = 74A5B523F686321ECDA11530 /* Pods-Tumbler-PeopleUITests.release.xcconfig */;
			buildSettings = {
				ALWAYS_EMBED_SWIFT_STANDARD_LIBRARIES = YES;
				CODE_SIGN_STYLE = Automatic;
				INFOPLIST_FILE = "Tumbler-PeopleUITests/Info.plist";
				LD_RUNPATH_SEARCH_PATHS = "$(inherited) @executable_path/Frameworks @loader_path/Frameworks";
				PRODUCT_BUNDLE_IDENTIFIER = "com.elischerrer.Tumbler-PeopleUITests";
				PRODUCT_NAME = "$(TARGET_NAME)";
				SWIFT_VERSION = 4.0;
				TARGETED_DEVICE_FAMILY = "1,2";
				TEST_TARGET_NAME = "Tumbler-People";
			};
			name = Release;
		};
/* End XCBuildConfiguration section */

/* Begin XCConfigurationList section */
		3E8738F5200AA17A00BCB849 /* Build configuration list for PBXProject "Tumbler-People" */ = {
			isa = XCConfigurationList;
			buildConfigurations = (
				3E873920200AA17B00BCB849 /* Debug */,
				3E873921200AA17B00BCB849 /* Release */,
			);
			defaultConfigurationIsVisible = 0;
			defaultConfigurationName = Release;
		};
		3E873922200AA17B00BCB849 /* Build configuration list for PBXNativeTarget "Tumbler-People" */ = {
			isa = XCConfigurationList;
			buildConfigurations = (
				3E873923200AA17B00BCB849 /* Debug */,
				3E873924200AA17B00BCB849 /* Release */,
			);
			defaultConfigurationIsVisible = 0;
			defaultConfigurationName = Release;
		};
		3E873925200AA17B00BCB849 /* Build configuration list for PBXNativeTarget "Tumbler-PeopleTests" */ = {
			isa = XCConfigurationList;
			buildConfigurations = (
				3E873926200AA17B00BCB849 /* Debug */,
				3E873927200AA17B00BCB849 /* Release */,
			);
			defaultConfigurationIsVisible = 0;
			defaultConfigurationName = Release;
		};
		3E873928200AA17B00BCB849 /* Build configuration list for PBXNativeTarget "Tumbler-PeopleUITests" */ = {
			isa = XCConfigurationList;
			buildConfigurations = (
				3E873929200AA17B00BCB849 /* Debug */,
				3E87392A200AA17B00BCB849 /* Release */,
			);
			defaultConfigurationIsVisible = 0;
			defaultConfigurationName = Release;
		};
/* End XCConfigurationList section */
	};
	rootObject = 3E8738F2200AA17A00BCB849 /* Project object */;
}
